{
  "name": "travel-buddy",
  "lockfileVersion": 2,
  "requires": true,
  "packages": {
    "": {
      "dependencies": {
        "daisyui": "^5.0.0"
      }
    },
    "node_modules/daisyui": {
      "version": "5.7.42",
      "resolved": "https://registry.npmjs.org/daisyui/-/daisyui-5.7.42.tgz",
      "integrity": "sha512-1Enls+br/2ZJG+DHUlaVYMq/hQLTP2hyiTKt0kRBywJjoau0kHy1NDF1Oqo95cyVR1STzZK+7vyz1KxQroJU3w==",
      "funding": {
        "url": "https://github.com/saadeghi/daisyui?sponsor=1"
      }
    }
  },
  "dependencies": {
    "daisyui": {
      "version": "5.7.42",
      "resolved": "https://registry.npmjs.org/daisyui/-/daisyui-5.7.42.tgz",
      "integrity": "sha512-1Enls+br/2ZJG+DHUlaVYMq/hQLTP2hyiTKt0kRBywJjoau0kHy1NDF1Oqo95cyVR1STzZK+7vyz1KxQroJU3w=="
    }
  }
}
